
Microsoft Visual Studio Solution File, Format Version 12.00
# Visual Studio Version 17
VisualStudioVersion = 17.4.33205.214
MinimumVisualStudioVersion = 10.0.40219.1
Project("{FAE04EC0-301F-11D3-BF4B-00C04F79EFBC}") = "Part 10 - If Statement (ShortHand)", "Part 10 - If Statement (ShortHand)\Part 10 - If Statement (ShortHand).csproj", "{EA02CFCD-5513-45C1-9839-678590205654}"
EndProject
Global
	GlobalSection(SolutionConfigurationPlatforms) = preSolution
		Debug|Any CPU = Debug|Any CPU
		Release|Any CPU = Release|Any CPU
	EndGlobalSection
	GlobalSection(ProjectConfigurationPlatforms) = postSolution
		{EA02CFCD-5513-45C1-9839-678590205654}.Debug|Any CPU.ActiveCfg = Debug|Any CPU
		{EA02CFCD-5513-45C1-9839-678590205654}.Debug|Any CPU.Build.0 = Debug|Any CPU
		{EA02CFCD-5513-45C1-9839-678590205654}.Release|Any CPU.ActiveCfg = Release|Any CPU
		{EA02CFCD-5513-45C1-9839-678590205654}.Release|Any CPU.Build.0 = Release|Any CPU
	EndGlobalSection
	GlobalSection(SolutionProperties) = preSolution
		HideSolutionNode = FALSE
	EndGlobalSection
	GlobalSection(ExtensibilityGlobals) = postSolution
		SolutionGuid = {096AEDF1-097B-4B15-B1D8-015B72EF9ED1}
	EndGlobalSection
EndGlobal
